
Microsoft Visual Studio Solution File, Format Version 12.00
# Visual Studio Version 16
VisualStudioVersion = 16.0.36631.11
MinimumVisualStudioVersion = 10.0.40219.1
Project("{8BC9CEB8-8B4A-11D0-8D11-00A0C91BC942}") = "DLL", "DLL\DLL.vcxproj", "{4351E7FD-E9C9-4880-947D-0F5AB0FD64CA}"
EndProject
Project("{8BC9CEB8-8B4A-11D0-8D11-00A0C91BC942}") = "Loader", "Loader\Loader.vcxproj", "{B36F518A-718E-4BA1-9182-D936A9225F37}"
	ProjectSection(ProjectDependencies) = postProject
		{4351E7FD-E9C9-4880-947D-0F5AB0FD64CA} = {4351E7FD-E9C9-4880-947D-0F5AB0FD64CA}
	EndProjectSection
EndProject
Global
	GlobalSection(SolutionConfigurationPlatforms) = preSolution
		Debug|x64 = Debug|x64
		Release|x64 = Release|x64
	EndGlobalSection
	GlobalSection(ProjectConfigurationPlatforms) = postSolution
		{4351E7FD-E9C9-4880-947D-0F5AB0FD64CA}.Debug|x64.ActiveCfg = Debug|x64
		{4351E7FD-E9C9-4880-947D-0F5AB0FD64CA}.Debug|x64.Build.0 = Debug|x64
		{4351E7FD-E9C9-4880-947D-0F5AB0FD64CA}.Release|x64.ActiveCfg = Release|x64
		{4351E7FD-E9C9-4880-947D-0F5AB0FD64CA}.Release|x64.Build.0 = Release|x64
		{B36F518A-718E-4BA1-9182-D936A9225F37}.Debug|x64.ActiveCfg = Debug|x64
		{B36F518A-718E-4BA1-9182-D936A9225F37}.Debug|x64.Build.0 = Debug|x64
		{B36F518A-718E-4BA1-9182-D936A9225F37}.Release|x64.ActiveCfg = Release|x64
		{B36F518A-718E-4BA1-9182-D936A9225F37}.Release|x64.Build.0 = Release|x64
	EndGlobalSection
	GlobalSection(SolutionProperties) = preSolution
		HideSolutionNode = FALSE
	EndGlobalSection
	GlobalSection(ExtensibilityGlobals) = postSolution
		SolutionGuid = {09CD37FF-F954-41C2-91D7-3D307991572A}
	EndGlobalSection
EndGlobal
